github.com/FishGoddess/logit v0.3.3 h1:qnxPIvq8YXGwG9y59Sk0hjoArOzWukQQqIsPT3dh3Xw=
github.com/FishGoddess/logit v0.3.3/go.mod h1:a2dFSibwfZXNNZ/V1jMOQBImPoySaxdPFThbsm17ZdY=
github.com/FishGoddess/logit v0.4.4-alpha h1:eKe9XUslcU0QPVVhm+29N3OCnyXeii16Q5bYQ6OinSE=
github.com/FishGoddess/logit v0.4.4-alpha/go.mod h1:a2dFSibwfZXNNZ/V1jMOQBImPoySaxdPFThbsm17ZdY=
github.com/go-ini/ini v1.62.0 h1:7VJT/ZXjzqSrvtraFp4ONq80hTcRQth1c9ZnQ3uNQvU=
github.com/go-ini/ini v1.62.0/go.mod h1:ByCAeIL28uOIIG0E3PJtZPDL8WnHpFKFOtgjp+3Ies8=
github.com/pkg/errors v0.9.1 h1:FEBLx1zS214owpjy7qsBeixbURkuhQAwrK5UwLGTwt4=
github.com/pkg/errors v0.9.1/go.mod h1:bwawxfHBFNV+L2hUp1rHADufV3IMtnDRdf1r5NINEl0=
gopkg.in/alexcesaro/quotedprintable.v3 v3.0.0-20150716171945-2caba252f4dc h1:2gGKlE2+asNV9m7xrywl36YYNnBG5ZQ0r/BOOxqPpmk=
gopkg.in/alexcesaro/quotedprintable.v3 v3.0.0-20150716171945-2caba252f4dc/go.mod h1:m7x9LTH6d71AHyAX77c9yqWCCa3UKHcVEj9y7hAtKDk=
gopkg.in/gomail.v2 v2.0.0-20160411212932-81ebce5c23df h1:n7WqCuqOuCbNr617RXOY0AWRXxgwEyPp2z+p0+hgMuE=
gopkg.in/gomail.v2 v2.0.0-20160411212932-81ebce5c23df/go.mod h1:LRQQ+SO6ZHR7tOkpBDuZnXENFzX8qRjMDMyPD6BRkCw=
